
Microsoft Visual Studio Solution File, Format Version 12.00
# Visual Studio 15
VisualStudioVersion = 15.0.27004.2002
MinimumVisualStudioVersion = 10.0.40219.1
Project("{FAE04EC0-301F-11D3-BF4B-00C04F79EFBC}") = "BugTrackingSystem", "BugTrackingSystem\BugTrackingSystem.csproj", "{CCD0FE2F-F0DB-49B9-A7A3-B60BD09C42A5}"
EndProject
Global
	GlobalSection(SolutionConfigurationPlatforms) = preSolution
		Debug|Any CPU = Debug|Any CPU
		Release|Any CPU = Release|Any CPU
	EndGlobalSection
	GlobalSection(ProjectConfigurationPlatforms) = postSolution
		{CCD0FE2F-F0DB-49B9-A7A3-B60BD09C42A5}.Debug|Any CPU.ActiveCfg = Debug|Any CPU
		{CCD0FE2F-F0DB-49B9-A7A3-B60BD09C42A5}.Debug|Any CPU.Build.0 = Debug|Any CPU
		{CCD0FE2F-F0DB-49B9-A7A3-B60BD09C42A5}.Release|Any CPU.ActiveCfg = Release|Any CPU
		{CCD0FE2F-F0DB-49B9-A7A3-B60BD09C42A5}.Release|Any CPU.Build.0 = Release|Any CPU
	EndGlobalSection
	GlobalSection(SolutionProperties) = preSolution
		HideSolutionNode = FALSE
	EndGlobalSection
	GlobalSection(ExtensibilityGlobals) = postSolution
		SolutionGuid = {FB99AD0D-77AE-4940-A345-219825F372AE}
	EndGlobalSection
EndGlobal
